
Microsoft Visual Studio Solution File, Format Version 12.00
# Visual Studio Version 17
VisualStudioVersion = 17.14.37411.7 d17.14
MinimumVisualStudioVersion = 10.0.40219.1
Project("{FAE04EC0-301F-11D3-BF4B-00C04F79EFBC}") = "AtmMachine", "AtmMachine\AtmMachine.csproj", "{FADC5C81-6668-4EC9-B7F6-932941F70717}"
EndProject
Global
	GlobalSection(SolutionConfigurationPlatforms) = preSolution
		Debug|Any CPU = Debug|Any CPU
		Release|Any CPU = Release|Any CPU
	EndGlobalSection
	GlobalSection(ProjectConfigurationPlatforms) = postSolution
		{FADC5C81-6668-4EC9-B7F6-932941F70717}.Debug|Any CPU.ActiveCfg = Debug|Any CPU
		{FADC5C81-6668-4EC9-B7F6-932941F70717}.Debug|Any CPU.Build.0 = Debug|Any CPU
		{FADC5C81-6668-4EC9-B7F6-932941F70717}.Release|Any CPU.ActiveCfg = Release|Any CPU
		{FADC5C81-6668-4EC9-B7F6-932941F70717}.Release|Any CPU.Build.0 = Release|Any CPU
	EndGlobalSection
	GlobalSection(SolutionProperties) = preSolution
		HideSolutionNode = FALSE
	EndGlobalSection
	GlobalSection(ExtensibilityGlobals) = postSolution
		SolutionGuid = {028DFE5A-8940-4A09-8E7A-5AD981114B61}
	EndGlobalSection
EndGlobal
